// !$*UTF8*$!
{
	archiveVersion = 1;
	classes = {
	};
	objectVersion = 46;
	objects = {

/* Begin PBXBuildFile section */
		8207E2961E601226003ECD0A /* MyExpandableTableViewSectionHeader.swift in Sources */ = {isa = PBXBuildFile; fileRef = 8207E2931E601226003ECD0A /* MyExpandableTableViewSectionHeader.swift */; };
		8207E2971E601226003ECD0A /* MyExpandableTableViewSectionHeader.xib in Resources */ = {isa = PBXBuildFile; fileRef = 8207E2941E601226003ECD0A /* MyExpandableTableViewSectionHeader.xib */; };
		8207E2981E601226003ECD0A /* MyTableViewCell.swift in Sources */ = {isa = PBXBuildFile; fileRef = 8207E2951E601226003ECD0A /* MyTableViewCell.swift */; };
		8207E29D1E601238003ECD0A /* LUExpandableTableView.swift in Sources */ = {isa = PBXBuildFile; fileRef = 8207E2991E601238003ECD0A /* LUExpandableTableView.swift */; };
		8207E29E1E601238003ECD0A /* LUExpandableTableViewDataSource.swift in Sources */ = {isa = PBXBuildFile; fileRef = 8207E29A1E601238003ECD0A /* LUExpandableTableViewDataSource.swift */; };
		8207E29F1E601238003ECD0A /* LUExpandableTableViewDelegate.swift in Sources */ = {isa = PBXBuildFile; fileRef = 8207E29B1E601238003ECD0A /* LUExpandableTableViewDelegate.swift */; };
		8207E2A01E601238003ECD0A /* LUExpandableTableViewSectionHeader.swift in Sources */ = {isa = PBXBuildFile; fileRef = 8207E29C1E601238003ECD0A /* LUExpandableTableViewSectionHeader.swift */; };
		8207E2A21E60127B003ECD0A /* OverviewVC.swift in Sources */ = {isa = PBXBuildFile; fileRef = 8207E2A11E60127B003ECD0A /* OverviewVC.swift */; };
		8207E2A41E6014EA003ECD0A /* MainVC.swift in Sources */ = {isa = PBXBuildFile; fileRef = 8207E2A31E6014EA003ECD0A /* MainVC.swift */; };
		8207E2AB1E601592003ECD0A /* BudgeVC.swift in Sources */ = {isa = PBXBuildFile; fileRef = 8207E2A51E601592003ECD0A /* BudgeVC.swift */; };
		8207E2AC1E601592003ECD0A /* ChooseIconVC.swift in Sources */ = {isa = PBXBuildFile; fileRef = 8207E2A61E601592003ECD0A /* ChooseIconVC.swift */; };
		8207E2AD1E601592003ECD0A /* DetailVC.swift in Sources */ = {isa = PBXBuildFile; fileRef = 8207E2A71E601592003ECD0A /* DetailVC.swift */; };
		8207E2AE1E601592003ECD0A /* EmailVC.swift in Sources */ = {isa = PBXBuildFile; fileRef = 8207E2A81E601592003ECD0A /* EmailVC.swift */; };
		8207E2AF1E601592003ECD0A /* GreatVC.swift in Sources */ = {isa = PBXBuildFile; fileRef = 8207E2A91E601592003ECD0A /* GreatVC.swift */; };
		8207E2B01E601592003ECD0A /* IncomeVC.swift in Sources */ = {isa = PBXBuildFile; fileRef = 8207E2AA1E601592003ECD0A /* IncomeVC.swift */; };
		8207E2B21E6015E3003ECD0A /* Step1VC.swift in Sources */ = {isa = PBXBuildFile; fileRef = 8207E2B11E6015E3003ECD0A /* Step1VC.swift */; };
		8207E2B41E6016A4003ECD0A /* PaymentVC.swift in Sources */ = {isa = PBXBuildFile; fileRef = 8207E2B31E6016A4003ECD0A /* PaymentVC.swift */; };
		8207E2B61E601929003ECD0A /* LoginVC.swift in Sources */ = {isa = PBXBuildFile; fileRef = 8207E2B51E601929003ECD0A /* LoginVC.swift */; };
		8207E2B81E6022F2003ECD0A /* BorderButton.swift in Sources */ = {isa = PBXBuildFile; fileRef = 8207E2B71E6022F2003ECD0A /* BorderButton.swift */; };
		8241EAE91E5AB47500D5B302 /* ScanVC.swift in Sources */ = {isa = PBXBuildFile; fileRef = 8241EAE81E5AB47500D5B302 /* ScanVC.swift */; };
		8241EAEB1E5AB69200D5B302 /* TouchIDVC.swift in Sources */ = {isa = PBXBuildFile; fileRef = 8241EAEA1E5AB69200D5B302 /* TouchIDVC.swift */; };
		8280C0BC1E879E8C00586101 /* ItemListVC.swift in Sources */ = {isa = PBXBuildFile; fileRef = 8280C0BB1E879E8C00586101 /* ItemListVC.swift */; };
		8287E5DE1E63049C007FADF6 /* ButtonCell.swift in Sources */ = {isa = PBXBuildFile; fileRef = 8287E5DD1E63049C007FADF6 /* ButtonCell.swift */; };
		829570D31E61452800DDB4C2 /* QuotaCell.swift in Sources */ = {isa = PBXBuildFile; fileRef = 829570D21E61452800DDB4C2 /* QuotaCell.swift */; };
		829570D91E616C2A00DDB4C2 /* PerfectVC.swift in Sources */ = {isa = PBXBuildFile; fileRef = 829570D81E616C2A00DDB4C2 /* PerfectVC.swift */; };
		82F4D9CA1E5EC65D00884D11 /* Scan.storyboard in Resources */ = {isa = PBXBuildFile; fileRef = 82F4D9C91E5EC65D00884D11 /* Scan.storyboard */; };
		C1A65C10159A46C93BD62954 /* Pods_Project.framework in Frameworks */ = {isa = PBXBuildFile; fileRef = 7C8D19DE587CA1830D75049C /* Pods_Project.framework */; };
		FA004F541E654DEF00BADC47 /* ListCell.swift in Sources */ = {isa = PBXBuildFile; fileRef = FA004F531E654DEF00BADC47 /* ListCell.swift */; };
		FA26CEC71E5A9F1C00982AB5 /* AppDelegate.swift in Sources */ = {isa = PBXBuildFile; fileRef = FA26CEC61E5A9F1C00982AB5 /* AppDelegate.swift */; };
		FA26CECC1E5A9F1C00982AB5 /* Main.storyboard in Resources */ = {isa = PBXBuildFile; fileRef = FA26CECA1E5A9F1C00982AB5 /* Main.storyboard */; };
		FA26CECE1E5A9F1C00982AB5 /* Assets.xcassets in Resources */ = {isa = PBXBuildFile; fileRef = FA26CECD1E5A9F1C00982AB5 /* Assets.xcassets */; };
		FA26CED11E5A9F1C00982AB5 /* LaunchScreen.storyboard in Resources */ = {isa = PBXBuildFile; fileRef = FA26CECF1E5A9F1C00982AB5 /* LaunchScreen.storyboard */; };
		FA369B1F1E887EEF001774B9 /* LogoutVC.swift in Sources */ = {isa = PBXBuildFile; fileRef = FA369B1E1E887EEF001774B9 /* LogoutVC.swift */; };
		FA49A9DE1E66992F007445E5 /* ViewController.swift in Sources */ = {isa = PBXBuildFile; fileRef = FA49A9DD1E66992F007445E5 /* ViewController.swift */; };
		FA49A9E01E669936007445E5 /* StencilView.swift in Sources */ = {isa = PBXBuildFile; fileRef = FA49A9DF1E669936007445E5 /* StencilView.swift */; };
		FA5BBE441E7F945E002808B1 /* ExpensePopVC.swift in Sources */ = {isa = PBXBuildFile; fileRef = FA5BBE431E7F945E002808B1 /* ExpensePopVC.swift */; };
		FA90D59B1E623C100068B233 /* ProgressVC.swift in Sources */ = {isa = PBXBuildFile; fileRef = FA90D59A1E623C100068B233 /* ProgressVC.swift */; };
		FA90D59F1E6241F10068B233 /* PayMoneyVC.swift in Sources */ = {isa = PBXBuildFile; fileRef = FA90D59E1E6241F10068B233 /* PayMoneyVC.swift */; };
		FA90D5A61E625CF10068B233 /* SAConfettiView.swift in Sources */ = {isa = PBXBuildFile; fileRef = FA90D5A51E625CF10068B233 /* SAConfettiView.swift */; };
		FA99D39B1E62784E00706B93 /* SetPaymentVC.swift in Sources */ = {isa = PBXBuildFile; fileRef = FA99D39A1E62784E00706B93 /* SetPaymentVC.swift */; };
		FAB2AF511E622F3B00EDF204 /* HomePageVC.swift in Sources */ = {isa = PBXBuildFile; fileRef = FAB2AF501E622F3B00EDF204 /* HomePageVC.swift */; };
		FAB2AF531E6235BC00EDF204 /* LeftMenuTableVC.swift in Sources */ = {isa = PBXBuildFile; fileRef = FAB2AF521E6235BC00EDF204 /* LeftMenuTableVC.swift */; };
		FAB2AF551E62373900EDF204 /* MenuItemCell.swift in Sources */ = {isa = PBXBuildFile; fileRef = FAB2AF541E62373900EDF204 /* MenuItemCell.swift */; };
		FAB3A4C21EABF00100830909 /* SampleView.xib in Resources */ = {isa = PBXBuildFile; fileRef = FAB3A4C01EABF00100830909 /* SampleView.xib */; };
		FAB3A4C31EABF00100830909 /* SampleView.swift in Sources */ = {isa = PBXBuildFile; fileRef = FAB3A4C11EABF00100830909 /* SampleView.swift */; };
		FAC4729B1E87692F00AD8AF1 /* SignInVC.swift in Sources */ = {isa = PBXBuildFile; fileRef = FAC4729A1E87692F00AD8AF1 /* SignInVC.swift */; };
		FAE7C2B71E9039DE007F2FFB /* overviewDetailVC.swift in Sources */ = {isa = PBXBuildFile; fileRef = FAE7C2B61E9039DE007F2FFB /* overviewDetailVC.swift */; };
/* End PBXBuildFile section */

/* Begin PBXFileReference section */
		1D726027F491EB5F94A39602 /* Pods-Project.debug.xcconfig */ = {isa = PBXFileReference; includeInIndex = 1; lastKnownFileType = text.xcconfig; name = "Pods-Project.debug.xcconfig"; path = "Pods/Target Support Files/Pods-Project/Pods-Project.debug.xcconfig"; sourceTree = "<group>"; };
		4DB96FDB28B7143A0EC16652 /* Pods-Project.release.xcconfig */ = {isa = PBXFileReference; includeInIndex = 1; lastKnownFileType = text.xcconfig; name = "Pods-Project.release.xcconfig"; path = "Pods/Target Support Files/Pods-Project/Pods-Project.release.xcconfig"; sourceTree = "<group>"; };
		7C8D19DE587CA1830D75049C /* Pods_Project.framework */ = {isa = PBXFileReference; explicitFileType = wrapper.framework; includeInIndex = 0; path = Pods_Project.framework; sourceTree = BUILT_PRODUCTS_DIR; };
		8207E2931E601226003ECD0A /* MyExpandableTableViewSectionHeader.swift */ = {isa = PBXFileReference; fileEncoding = 4; lastKnownFileType = sourcecode.swift; path = MyExpandableTableViewSectionHeader.swift; sourceTree = "<group>"; };
		8207E2941E601226003ECD0A /* MyExpandableTableViewSectionHeader.xib */ = {isa = PBXFileReference; fileEncoding = 4; lastKnownFileType = file.xib; path = MyExpandableTableViewSectionHeader.xib; sourceTree = "<group>"; };
		8207E2951E601226003ECD0A /* MyTableViewCell.swift */ = {isa = PBXFileReference; fileEncoding = 4; lastKnownFileType = sourcecode.swift; path = MyTableViewCell.swift; sourceTree = "<group>"; };
		8207E2991E601238003ECD0A /* LUExpandableTableView.swift */ = {isa = PBXFileReference; fileEncoding = 4; lastKnownFileType = sourcecode.swift; path = LUExpandableTableView.swift; sourceTree = "<group>"; };
		8207E29A1E601238003ECD0A /* LUExpandableTableViewDataSource.swift */ = {isa = PBXFileReference; fileEncoding = 4; lastKnownFileType = sourcecode.swift; path = LUExpandableTableViewDataSource.swift; sourceTree = "<group>"; };
		8207E29B1E601238003ECD0A /* LUExpandableTableViewDelegate.swift */ = {isa = PBXFileReference; fileEncoding = 4; lastKnownFileType = sourcecode.swift; path = LUExpandableTableViewDelegate.swift; sourceTree = "<group>"; };
		8207E29C1E601238003ECD0A /* LUExpandableTableViewSectionHeader.swift */ = {isa = PBXFileReference; fileEncoding = 4; lastKnownFileType = sourcecode.swift; path = LUExpandableTableViewSectionHeader.swift; sourceTree = "<group>"; };
		8207E2A11E60127B003ECD0A /* OverviewVC.swift */ = {isa = PBXFileReference; fileEncoding = 4; lastKnownFileType = sourcecode.swift; path = OverviewVC.swift; sourceTree = "<group>"; };
		8207E2A31E6014EA003ECD0A /* MainVC.swift */ = {isa = PBXFileReference; fileEncoding = 4; lastKnownFileType = sourcecode.swift; path = MainVC.swift; sourceTree = "<group>"; };
		8207E2A51E601592003ECD0A /* BudgeVC.swift */ = {isa = PBXFileReference; fileEncoding = 4; lastKnownFileType = sourcecode.swift; path = BudgeVC.swift; sourceTree = "<group>"; };
		8207E2A61E601592003ECD0A /* ChooseIconVC.swift */ = {isa = PBXFileReference; fileEncoding = 4; lastKnownFileType = sourcecode.swift; path = ChooseIconVC.swift; sourceTree = "<group>"; };
		8207E2A71E601592003ECD0A /* DetailVC.swift */ = {isa = PBXFileReference; fileEncoding = 4; lastKnownFileType = sourcecode.swift; path = DetailVC.swift; sourceTree = "<group>"; };
		8207E2A81E601592003ECD0A /* EmailVC.swift */ = {isa = PBXFileReference; fileEncoding = 4; lastKnownFileType = sourcecode.swift; path = EmailVC.swift; sourceTree = "<group>"; };
		8207E2A91E601592003ECD0A /* GreatVC.swift */ = {isa = PBXFileReference; fileEncoding = 4; lastKnownFileType = sourcecode.swift; path = GreatVC.swift; sourceTree = "<group>"; };
		8207E2AA1E601592003ECD0A /* IncomeVC.swift */ = {isa = PBXFileReference; fileEncoding = 4; lastKnownFileType = sourcecode.swift; path = IncomeVC.swift; sourceTree = "<group>"; };
		8207E2B11E6015E3003ECD0A /* Step1VC.swift */ = {isa = PBXFileReference; fileEncoding = 4; lastKnownFileType = sourcecode.swift; path = Step1VC.swift; sourceTree = "<group>"; };
		8207E2B31E6016A4003ECD0A /* PaymentVC.swift */ = {isa = PBXFileReference; fileEncoding = 4; lastKnownFileType = sourcecode.swift; path = PaymentVC.swift; sourceTree = "<group>"; };
		8207E2B51E601929003ECD0A /* LoginVC.swift */ = {isa = PBXFileReference; fileEncoding = 4; lastKnownFileType = sourcecode.swift; path = LoginVC.swift; sourceTree = "<group>"; };
		8207E2B71E6022F2003ECD0A /* BorderButton.swift */ = {isa = PBXFileReference; fileEncoding = 4; lastKnownFileType = sourcecode.swift; path = BorderButton.swift; sourceTree = "<group>"; };
		8241EAE81E5AB47500D5B302 /* ScanVC.swift */ = {isa = PBXFileReference; fileEncoding = 4; lastKnownFileType = sourcecode.swift; path = ScanVC.swift; sourceTree = "<group>"; };
		8241EAEA1E5AB69200D5B302 /* TouchIDVC.swift */ = {isa = PBXFileReference; fileEncoding = 4; lastKnownFileType = sourcecode.swift; path = TouchIDVC.swift; sourceTree = "<group>"; };
		8280C0BB1E879E8C00586101 /* ItemListVC.swift */ = {isa = PBXFileReference; fileEncoding = 4; lastKnownFileType = sourcecode.swift; path = ItemListVC.swift; sourceTree = "<group>"; };
		8287E5DD1E63049C007FADF6 /* ButtonCell.swift */ = {isa = PBXFileReference; fileEncoding = 4; lastKnownFileType = sourcecode.swift; path = ButtonCell.swift; sourceTree = "<group>"; };
		829570D21E61452800DDB4C2 /* QuotaCell.swift */ = {isa = PBXFileReference; fileEncoding = 4; lastKnownFileType = sourcecode.swift; path = QuotaCell.swift; sourceTree = "<group>"; };
		829570D81E616C2A00DDB4C2 /* PerfectVC.swift */ = {isa = PBXFileReference; fileEncoding = 4; lastKnownFileType = sourcecode.swift; path = PerfectVC.swift; sourceTree = "<group>"; };
		82F4D9C91E5EC65D00884D11 /* Scan.storyboard */ = {isa = PBXFileReference; fileEncoding = 4; lastKnownFileType = file.storyboard; path = Scan.storyboard; sourceTree = "<group>"; };
		FA004F531E654DEF00BADC47 /* ListCell.swift */ = {isa = PBXFileReference; fileEncoding = 4; lastKnownFileType = sourcecode.swift; path = ListCell.swift; sourceTree = "<group>"; };
		FA26CEC31E5A9F1C00982AB5 /* Project.app */ = {isa = PBXFileReference; explicitFileType = wrapper.application; includeInIndex = 0; path = Project.app; sourceTree = BUILT_PRODUCTS_DIR; };
		FA26CEC61E5A9F1C00982AB5 /* AppDelegate.swift */ = {isa = PBXFileReference; lastKnownFileType = sourcecode.swift; path = AppDelegate.swift; sourceTree = "<group>"; };
		FA26CECB1E5A9F1C00982AB5 /* Base */ = {isa = PBXFileReference; lastKnownFileType = file.storyboard; name = Base; path = Base.lproj/Main.storyboard; sourceTree = "<group>"; };
		FA26CECD1E5A9F1C00982AB5 /* Assets.xcassets */ = {isa = PBXFileReference; lastKnownFileType = folder.assetcatalog; path = Assets.xcassets; sourceTree = "<group>"; };
		FA26CED01E5A9F1C00982AB5 /* Base */ = {isa = PBXFileReference; lastKnownFileType = file.storyboard; name = Base; path = Base.lproj/LaunchScreen.storyboard; sourceTree = "<group>"; };
		FA26CED21E5A9F1C00982AB5 /* Info.plist */ = {isa = PBXFileReference; lastKnownFileType = text.plist.xml; path = Info.plist; sourceTree = "<group>"; };
		FA369B1E1E887EEF001774B9 /* LogoutVC.swift */ = {isa = PBXFileReference; fileEncoding = 4; lastKnownFileType = sourcecode.swift; path = LogoutVC.swift; sourceTree = "<group>"; };
		FA49A9DD1E66992F007445E5 /* ViewController.swift */ = {isa = PBXFileReference; fileEncoding = 4; lastKnownFileType = sourcecode.swift; path = ViewController.swift; sourceTree = "<group>"; };
		FA49A9DF1E669936007445E5 /* StencilView.swift */ = {isa = PBXFileReference; fileEncoding = 4; lastKnownFileType = sourcecode.swift; path = StencilView.swift; sourceTree = "<group>"; };
		FA5BBE431E7F945E002808B1 /* ExpensePopVC.swift */ = {isa = PBXFileReference; fileEncoding = 4; lastKnownFileType = sourcecode.swift; path = ExpensePopVC.swift; sourceTree = "<group>"; };
		FA90D59A1E623C100068B233 /* ProgressVC.swift */ = {isa = PBXFileReference; fileEncoding = 4; lastKnownFileType = sourcecode.swift; path = ProgressVC.swift; sourceTree = "<group>"; };
		FA90D59E1E6241F10068B233 /* PayMoneyVC.swift */ = {isa = PBXFileReference; fileEncoding = 4; lastKnownFileType = sourcecode.swift; path = PayMoneyVC.swift; sourceTree = "<group>"; };
		FA90D5A51E625CF10068B233 /* SAConfettiView.swift */ = {isa = PBXFileReference; fileEncoding = 4; lastKnownFileType = sourcecode.swift; path = SAConfettiView.swift; sourceTree = "<group>"; };
		FA99D39A1E62784E00706B93 /* SetPaymentVC.swift */ = {isa = PBXFileReference; fileEncoding = 4; lastKnownFileType = sourcecode.swift; path = SetPaymentVC.swift; sourceTree = "<group>"; };
		FAB2AF501E622F3B00EDF204 /* HomePageVC.swift */ = {isa = PBXFileReference; fileEncoding = 4; lastKnownFileType = sourcecode.swift; path = HomePageVC.swift; sourceTree = "<group>"; };
		FAB2AF521E6235BC00EDF204 /* LeftMenuTableVC.swift */ = {isa = PBXFileReference; fileEncoding = 4; lastKnownFileType = sourcecode.swift; path = LeftMenuTableVC.swift; sourceTree = "<group>"; };
		FAB2AF541E62373900EDF204 /* MenuItemCell.swift */ = {isa = PBXFileReference; fileEncoding = 4; lastKnownFileType = sourcecode.swift; path = MenuItemCell.swift; sourceTree = "<group>"; };
		FAB3A4C01EABF00100830909 /* SampleView.xib */ = {isa = PBXFileReference; fileEncoding = 4; lastKnownFileType = file.xib; path = SampleView.xib; sourceTree = "<group>"; };
		FAB3A4C11EABF00100830909 /* SampleView.swift */ = {isa = PBXFileReference; fileEncoding = 4; lastKnownFileType = sourcecode.swift; path = SampleView.swift; sourceTree = "<group>"; };
		FAC4729A1E87692F00AD8AF1 /* SignInVC.swift */ = {isa = PBXFileReference; fileEncoding = 4; lastKnownFileType = sourcecode.swift; path = SignInVC.swift; sourceTree = "<group>"; };
		FAE7C2B61E9039DE007F2FFB /* overviewDetailVC.swift */ = {isa = PBXFileReference; fileEncoding = 4; lastKnownFileType = sourcecode.swift; path = overviewDetailVC.swift; sourceTree = "<group>"; };
/* End PBXFileReference section */

/* Begin PBXFrameworksBuildPhase section */
		FA26CEC01E5A9F1C00982AB5 /* Frameworks */ = {
			isa = PBXFrameworksBuildPhase;
			buildActionMask = 2147483647;
			files = (
				C1A65C10159A46C93BD62954 /* Pods_Project.framework in Frameworks */,
			);
			runOnlyForDeploymentPostprocessing = 0;
		};
/* End PBXFrameworksBuildPhase section */

/* Begin PBXGroup section */
		615E4FF5B94AFA5ABFB867D0 /* Frameworks */ = {
			isa = PBXGroup;
			children = (
				7C8D19DE587CA1830D75049C /* Pods_Project.framework */,
			);
			name = Frameworks;
			sourceTree = "<group>";
		};
		7C97CF5E3A7076CAA11A8393 /* Pods */ = {
			isa = PBXGroup;
			children = (
				1D726027F491EB5F94A39602 /* Pods-Project.debug.xcconfig */,
				4DB96FDB28B7143A0EC16652 /* Pods-Project.release.xcconfig */,
			);
			name = Pods;
			sourceTree = "<group>";
		};
		8207E2921E601219003ECD0A /* Overview */ = {
			isa = PBXGroup;
			children = (
				8207E2991E601238003ECD0A /* LUExpandableTableView.swift */,
				8207E29A1E601238003ECD0A /* LUExpandableTableViewDataSource.swift */,
				8207E29B1E601238003ECD0A /* LUExpandableTableViewDelegate.swift */,
				8207E29C1E601238003ECD0A /* LUExpandableTableViewSectionHeader.swift */,
				8207E2931E601226003ECD0A /* MyExpandableTableViewSectionHeader.swift */,
				8287E5DD1E63049C007FADF6 /* ButtonCell.swift */,
				8207E2941E601226003ECD0A /* MyExpandableTableViewSectionHeader.xib */,
				8207E2951E601226003ECD0A /* MyTableViewCell.swift */,
			);
			name = Overview;
			sourceTree = "<group>";
		};
		FA26CEBA1E5A9F1C00982AB5 = {
			isa = PBXGroup;
			children = (
				FA26CEC51E5A9F1C00982AB5 /* Project */,
				FA26CEC41E5A9F1C00982AB5 /* Products */,
				7C97CF5E3A7076CAA11A8393 /* Pods */,
				615E4FF5B94AFA5ABFB867D0 /* Frameworks */,
			);
			sourceTree = "<group>";
		};
		FA26CEC41E5A9F1C00982AB5 /* Products */ = {
			isa = PBXGroup;
			children = (
				FA26CEC31E5A9F1C00982AB5 /* Project.app */,
			);
			name = Products;
			sourceTree = "<group>";
		};
		FA26CEC51E5A9F1C00982AB5 /* Project */ = {
			isa = PBXGroup;
			children = (
				8207E2921E601219003ECD0A /* Overview */,
				FA26CEC61E5A9F1C00982AB5 /* AppDelegate.swift */,
				8241EAEA1E5AB69200D5B302 /* TouchIDVC.swift */,
				8207E2A31E6014EA003ECD0A /* MainVC.swift */,
				8241EAE81E5AB47500D5B302 /* ScanVC.swift */,
				FA90D5A01E62521F0068B233 /* task1 */,
				FA90D59A1E623C100068B233 /* ProgressVC.swift */,
				FAE7C2B61E9039DE007F2FFB /* overviewDetailVC.swift */,
				829570D21E61452800DDB4C2 /* QuotaCell.swift */,
				FA004F531E654DEF00BADC47 /* ListCell.swift */,
				8207E2A11E60127B003ECD0A /* OverviewVC.swift */,
				8207E2B71E6022F2003ECD0A /* BorderButton.swift */,
				FA90D59E1E6241F10068B233 /* PayMoneyVC.swift */,
				FAB2AF501E622F3B00EDF204 /* HomePageVC.swift */,
				FA26CECA1E5A9F1C00982AB5 /* Main.storyboard */,
				FAB2AF541E62373900EDF204 /* MenuItemCell.swift */,
				FAB2AF521E6235BC00EDF204 /* LeftMenuTableVC.swift */,
				82F4D9C91E5EC65D00884D11 /* Scan.storyboard */,
				8280C0BB1E879E8C00586101 /* ItemListVC.swift */,
				FA26CECD1E5A9F1C00982AB5 /* Assets.xcassets */,
				FA26CECF1E5A9F1C00982AB5 /* LaunchScreen.storyboard */,
				FA26CED21E5A9F1C00982AB5 /* Info.plist */,
			);
			path = Project;
			sourceTree = "<group>";
		};
		FA90D5A01E62521F0068B233 /* task1 */ = {
			isa = PBXGroup;
			children = (
				FAB3A4C01EABF00100830909 /* SampleView.xib */,
				FAB3A4C11EABF00100830909 /* SampleView.swift */,
				FA49A9DF1E669936007445E5 /* StencilView.swift */,
				FA49A9DD1E66992F007445E5 /* ViewController.swift */,
				8207E2A71E601592003ECD0A /* DetailVC.swift */,
				FA90D5A51E625CF10068B233 /* SAConfettiView.swift */,
				829570D81E616C2A00DDB4C2 /* PerfectVC.swift */,
				8207E2B31E6016A4003ECD0A /* PaymentVC.swift */,
				FA99D39A1E62784E00706B93 /* SetPaymentVC.swift */,
				8207E2AA1E601592003ECD0A /* IncomeVC.swift */,
				8207E2B51E601929003ECD0A /* LoginVC.swift */,
				FA369B1E1E887EEF001774B9 /* LogoutVC.swift */,
				FAC4729A1E87692F00AD8AF1 /* SignInVC.swift */,
				8207E2A81E601592003ECD0A /* EmailVC.swift */,
				8207E2A91E601592003ECD0A /* GreatVC.swift */,
				FA5BBE431E7F945E002808B1 /* ExpensePopVC.swift */,
				8207E2A61E601592003ECD0A /* ChooseIconVC.swift */,
				8207E2B11E6015E3003ECD0A /* Step1VC.swift */,
				8207E2A51E601592003ECD0A /* BudgeVC.swift */,
			);
			name = task1;
			sourceTree = "<group>";
		};
/* End PBXGroup section */

/* Begin PBXNativeTarget section */
		FA26CEC21E5A9F1C00982AB5 /* Project */ = {
			isa = PBXNativeTarget;
			buildConfigurationList = FA26CED51E5A9F1C00982AB5 /* Build configuration list for PBXNativeTarget "Project" */;
			buildPhases = (
				C9C04F38828A43D5B3A85EF0 /* [CP] Check Pods Manifest.lock */,
				FA26CEBF1E5A9F1C00982AB5 /* Sources */,
				FA26CEC01E5A9F1C00982AB5 /* Frameworks */,
				FA26CEC11E5A9F1C00982AB5 /* Resources */,
				C0A0C6F24239FA99A834520C /* [CP] Embed Pods Frameworks */,
				E0A9B3B3E39FAFCE4D2552AE /* [CP] Copy Pods Resources */,
			);
			buildRules = (
			);
			dependencies = (
			);
			name = Project;
			productName = Project;
			productReference = FA26CEC31E5A9F1C00982AB5 /* Project.app */;
			productType = "com.apple.product-type.application";
		};
/* End PBXNativeTarget section */

/* Begin PBXProject section */
		FA26CEBB1E5A9F1C00982AB5 /* Project object */ = {
			isa = PBXProject;
			attributes = {
				LastSwiftUpdateCheck = 0820;
				LastUpgradeCheck = 0820;
				ORGANIZATIONNAME = aau;
				TargetAttributes = {
					FA26CEC21E5A9F1C00982AB5 = {
						CreatedOnToolsVersion = 8.2.1;
						DevelopmentTeam = 6A7K9VGHXX;
						ProvisioningStyle = Automatic;
					};
				};
			};
			buildConfigurationList = FA26CEBE1E5A9F1C00982AB5 /* Build configuration list for PBXProject "Project" */;
			compatibilityVersion = "Xcode 3.2";
			developmentRegion = English;
			hasScannedForEncodings = 0;
			knownRegions = (
				en,
				Base,
			);
			mainGroup = FA26CEBA1E5A9F1C00982AB5;
			productRefGroup = FA26CEC41E5A9F1C00982AB5 /* Products */;
			projectDirPath = "";
			projectRoot = "";
			targets = (
				FA26CEC21E5A9F1C00982AB5 /* Project */,
			);
		};
/* End PBXProject section */

/* Begin PBXResourcesBuildPhase section */
		FA26CEC11E5A9F1C00982AB5 /* Resources */ = {
			isa = PBXResourcesBuildPhase;
			buildActionMask = 2147483647;
			files = (
				FA26CED11E5A9F1C00982AB5 /* LaunchScreen.storyboard in Resources */,
				FA26CECE1E5A9F1C00982AB5 /* Assets.xcassets in Resources */,
				8207E2971E601226003ECD0A /* MyExpandableTableViewSectionHeader.xib in Resources */,
				FA26CECC1E5A9F1C00982AB5 /* Main.storyboard in Resources */,
				FAB3A4C21EABF00100830909 /* SampleView.xib in Resources */,
				82F4D9CA1E5EC65D00884D11 /* Scan.storyboard in Resources */,
			);
			runOnlyForDeploymentPostprocessing = 0;
		};
/* End PBXResourcesBuildPhase section */

/* Begin PBXShellScriptBuildPhase section */
		C0A0C6F24239FA99A834520C /* [CP] Embed Pods Frameworks */ = {
			isa = PBXShellScriptBuildPhase;
			buildActionMask = 2147483647;
			files = (
			);
			inputPaths = (
			);
			name = "[CP] Embed Pods Frameworks";
			outputPaths = (
			);
			runOnlyForDeploymentPostprocessing = 0;
			shellPath = /bin/sh;
			shellScript = "\"${SRCROOT}/Pods/Target Support Files/Pods-Project/Pods-Project-frameworks.sh\"\n";
			showEnvVarsInLog = 0;
		};
		C9C04F38828A43D5B3A85EF0 /* [CP] Check Pods Manifest.lock */ = {
			isa = PBXShellScriptBuildPhase;
			buildActionMask = 2147483647;
			files = (
			);
			inputPaths = (
			);
			name = "[CP] Check Pods Manifest.lock";
			outputPaths = (
			);
			runOnlyForDeploymentPostprocessing = 0;
			shellPath = /bin/sh;
			shellScript = "diff \"${PODS_ROOT}/../Podfile.lock\" \"${PODS_ROOT}/Manifest.lock\" > /dev/null\nif [ $? != 0 ] ; then\n    # print error to STDERR\n    echo \"error: The sandbox is not in sync with the Podfile.lock. Run 'pod install' or update your CocoaPods installation.\" >&2\n    exit 1\nfi\n";
			showEnvVarsInLog = 0;
		};
		E0A9B3B3E39FAFCE4D2552AE /* [CP] Copy Pods Resources */ = {
			isa = PBXShellScriptBuildPhase;
			buildActionMask = 2147483647;
			files = (
			);
			inputPaths = (
			);
			name = "[CP] Copy Pods Resources";
			outputPaths = (
			);
			runOnlyForDeploymentPostprocessing = 0;
			shellPath = /bin/sh;
			shellScript = "\"${SRCROOT}/Pods/Target Support Files/Pods-Project/Pods-Project-resources.sh\"\n";
			showEnvVarsInLog = 0;
		};
/* End PBXShellScriptBuildPhase section */

/* Begin PBXSourcesBuildPhase section */
		FA26CEBF1E5A9F1C00982AB5 /* Sources */ = {
			isa = PBXSourcesBuildPhase;
			buildActionMask = 2147483647;
			files = (
				FAB3A4C31EABF00100830909 /* SampleView.swift in Sources */,
				8207E2AC1E601592003ECD0A /* ChooseIconVC.swift in Sources */,
				8207E2B01E601592003ECD0A /* IncomeVC.swift in Sources */,
				FA99D39B1E62784E00706B93 /* SetPaymentVC.swift in Sources */,
				8241EAE91E5AB47500D5B302 /* ScanVC.swift in Sources */,
				8207E2AB1E601592003ECD0A /* BudgeVC.swift in Sources */,
				829570D91E616C2A00DDB4C2 /* PerfectVC.swift in Sources */,
				FAB2AF531E6235BC00EDF204 /* LeftMenuTableVC.swift in Sources */,
				FA90D5A61E625CF10068B233 /* SAConfettiView.swift in Sources */,
				FAB2AF511E622F3B00EDF204 /* HomePageVC.swift in Sources */,
				8207E2AE1E601592003ECD0A /* EmailVC.swift in Sources */,
				8207E2A01E601238003ECD0A /* LUExpandableTableViewSectionHeader.swift in Sources */,
				8207E2AD1E601592003ECD0A /* DetailVC.swift in Sources */,
				8207E2981E601226003ECD0A /* MyTableViewCell.swift in Sources */,
				8207E29E1E601238003ECD0A /* LUExpandableTableViewDataSource.swift in Sources */,
				8280C0BC1E879E8C00586101 /* ItemListVC.swift in Sources */,
				FA90D59F1E6241F10068B233 /* PayMoneyVC.swift in Sources */,
				FA49A9DE1E66992F007445E5 /* ViewController.swift in Sources */,
				8207E29D1E601238003ECD0A /* LUExpandableTableView.swift in Sources */,
				FA369B1F1E887EEF001774B9 /* LogoutVC.swift in Sources */,
				8207E29F1E601238003ECD0A /* LUExpandableTableViewDelegate.swift in Sources */,
				FA90D59B1E623C100068B233 /* ProgressVC.swift in Sources */,
				FA49A9E01E669936007445E5 /* StencilView.swift in Sources */,
				8207E2AF1E601592003ECD0A /* GreatVC.swift in Sources */,
				8207E2B21E6015E3003ECD0A /* Step1VC.swift in Sources */,
				8207E2A21E60127B003ECD0A /* OverviewVC.swift in Sources */,
				FAE7C2B71E9039DE007F2FFB /* overviewDetailVC.swift in Sources */,
				FA004F541E654DEF00BADC47 /* ListCell.swift in Sources */,
				FA5BBE441E7F945E002808B1 /* ExpensePopVC.swift in Sources */,
				8207E2B41E6016A4003ECD0A /* PaymentVC.swift in Sources */,
				8241EAEB1E5AB69200D5B302 /* TouchIDVC.swift in Sources */,
				829570D31E61452800DDB4C2 /* QuotaCell.swift in Sources */,
				FA26CEC71E5A9F1C00982AB5 /* AppDelegate.swift in Sources */,
				FAC4729B1E87692F00AD8AF1 /* SignInVC.swift in Sources */,
				8287E5DE1E63049C007FADF6 /* ButtonCell.swift in Sources */,
				8207E2961E601226003ECD0A /* MyExpandableTableViewSectionHeader.swift in Sources */,
				8207E2A41E6014EA003ECD0A /* MainVC.swift in Sources */,
				FAB2AF551E62373900EDF204 /* MenuItemCell.swift in Sources */,
				8207E2B61E601929003ECD0A /* LoginVC.swift in Sources */,
				8207E2B81E6022F2003ECD0A /* BorderButton.swift in Sources */,
			);
			runOnlyForDeploymentPostprocessing = 0;
		};
/* End PBXSourcesBuildPhase section */

/* Begin PBXVariantGroup section */
		FA26CECA1E5A9F1C00982AB5 /* Main.storyboard */ = {
			isa = PBXVariantGroup;
			children = (
				FA26CECB1E5A9F1C00982AB5 /* Base */,
			);
			name = Main.storyboard;
			sourceTree = "<group>";
		};
		FA26CECF1E5A9F1C00982AB5 /* LaunchScreen.storyboard */ = {
			isa = PBXVariantGroup;
			children = (
				FA26CED01E5A9F1C00982AB5 /* Base */,
			);
			name = LaunchScreen.storyboard;
			sourceTree = "<group>";
		};
/* End PBXVariantGroup section */

/* Begin XCBuildConfiguration section */
		FA26CED31E5A9F1C00982AB5 /* Debug */ = {
			isa = XCBuildConfiguration;
			buildSettings = {
				ALWAYS_SEARCH_USER_PATHS = NO;
				CLANG_ANALYZER_NONNULL = YES;
				CLANG_CXX_LANGUAGE_STANDARD = "gnu++0x";
				CLANG_CXX_LIBRARY = "libc++";
				CLANG_ENABLE_MODULES = YES;
				CLANG_ENABLE_OBJC_ARC = YES;
				CLANG_WARN_BOOL_CONVERSION = YES;
				CLANG_WARN_CONSTANT_CONVERSION = YES;
				CLANG_WARN_DIRECT_OBJC_ISA_USAGE = YES_ERROR;
				CLANG_WARN_DOCUMENTATION_COMMENTS = YES;
				CLANG_WARN_EMPTY_BODY = YES;
				CLANG_WARN_ENUM_CONVERSION = YES;
				CLANG_WARN_INFINITE_RECURSION = YES;
				CLANG_WARN_INT_CONVERSION = YES;
				CLANG_WARN_OBJC_ROOT_CLASS = YES_ERROR;
				CLANG_WARN_SUSPICIOUS_MOVE = YES;
				CLANG_WARN_UNREACHABLE_CODE = YES;
				CLANG_WARN__DUPLICATE_METHOD_MATCH = YES;
				"CODE_SIGN_IDENTITY[sdk=iphoneos*]" = "iPhone Developer";
				COPY_PHASE_STRIP = NO;
				DEBUG_INFORMATION_FORMAT = dwarf;
				ENABLE_STRICT_OBJC_MSGSEND = YES;
				ENABLE_TESTABILITY = YES;
				GCC_C_LANGUAGE_STANDARD = gnu99;
				GCC_DYNAMIC_NO_PIC = NO;
				GCC_NO_COMMON_BLOCKS = YES;
				GCC_OPTIMIZATION_LEVEL = 0;
				GCC_PREPROCESSOR_DEFINITIONS = (
					"DEBUG=1",
					"$(inherited)",
				);
				GCC_WARN_64_TO_32_BIT_CONVERSION = YES;
				GCC_WARN_ABOUT_RETURN_TYPE = YES_ERROR;
				GCC_WARN_UNDECLARED_SELECTOR = YES;
				GCC_WARN_UNINITIALIZED_AUTOS = YES_AGGRESSIVE;
				GCC_WARN_UNUSED_FUNCTION = YES;
				GCC_WARN_UNUSED_VARIABLE = YES;
				IPHONEOS_DEPLOYMENT_TARGET = 10.0;
				MTL_ENABLE_DEBUG_INFO = YES;
				ONLY_ACTIVE_ARCH = YES;
				SDKROOT = iphoneos;
				SWIFT_ACTIVE_COMPILATION_CONDITIONS = DEBUG;
				SWIFT_OPTIMIZATION_LEVEL = "-Onone";
			};
			name = Debug;
		};
		FA26CED41E5A9F1C00982AB5 /* Release */ = {
			isa = XCBuildConfiguration;
			buildSettings = {
				ALWAYS_SEARCH_USER_PATHS = NO;
				CLANG_ANALYZER_NONNULL = YES;
				CLANG_CXX_LANGUAGE_STANDARD = "gnu++0x";
				CLANG_CXX_LIBRARY = "libc++";
				CLANG_ENABLE_MODULES = YES;
				CLANG_ENABLE_OBJC_ARC = YES;
				CLANG_WARN_BOOL_CONVERSION = YES;
				CLANG_WARN_CONSTANT_CONVERSION = YES;
				CLANG_WARN_DIRECT_OBJC_ISA_USAGE = YES_ERROR;
				CLANG_WARN_DOCUMENTATION_COMMENTS = YES;
				CLANG_WARN_EMPTY_BODY = YES;
				CLANG_WARN_ENUM_CONVERSION = YES;
				CLANG_WARN_INFINITE_RECURSION = YES;
				CLANG_WARN_INT_CONVERSION = YES;
				CLANG_WARN_OBJC_ROOT_CLASS = YES_ERROR;
				CLANG_WARN_SUSPICIOUS_MOVE = YES;
				CLANG_WARN_UNREACHABLE_CODE = YES;
				CLANG_WARN__DUPLICATE_METHOD_MATCH = YES;
				"CODE_SIGN_IDENTITY[sdk=iphoneos*]" = "iPhone Developer";
				COPY_PHASE_STRIP = NO;
				DEBUG_INFORMATION_FORMAT = "dwarf-with-dsym";
				ENABLE_NS_ASSERTIONS = NO;
				ENABLE_STRICT_OBJC_MSGSEND = YES;
				GCC_C_LANGUAGE_STANDARD = gnu99;
				GCC_NO_COMMON_BLOCKS = YES;
				GCC_WARN_64_TO_32_BIT_CONVERSION = YES;
				GCC_WARN_ABOUT_RETURN_TYPE = YES_ERROR;
				GCC_WARN_UNDECLARED_SELECTOR = YES;
				GCC_WARN_UNINITIALIZED_AUTOS = YES_AGGRESSIVE;
				GCC_WARN_UNUSED_FUNCTION = YES;
				GCC_WARN_UNUSED_VARIABLE = YES;
				IPHONEOS_DEPLOYMENT_TARGET = 10.0;
				MTL_ENABLE_DEBUG_INFO = NO;
				SDKROOT = iphoneos;
				SWIFT_OPTIMIZATION_LEVEL = "-Owholemodule";
				VALIDATE_PRODUCT = YES;
			};
			name = Release;
		};
		FA26CED61E5A9F1C00982AB5 /* Debug */ = {
			isa = XCBuildConfiguration;
			baseConfigurationReference = 1D726027F491EB5F94A39602 /* Pods-Project.debug.xcconfig */;
			buildSettings = {
				ASSETCATALOG_COMPILER_APPICON_NAME = AppIcon;
				DEVELOPMENT_TEAM = 6A7K9VGHXX;
				INFOPLIST_FILE = Project/Info.plist;
				LD_RUNPATH_SEARCH_PATHS = "$(inherited) @executable_path/Frameworks";
				PRODUCT_BUNDLE_IDENTIFIER = com.aau.Project;
				PRODUCT_NAME = "$(TARGET_NAME)";
				SWIFT_VERSION = 3.0;
			};
			name = Debug;
		};
		FA26CED71E5A9F1C00982AB5 /* Release */ = {
			isa = XCBuildConfiguration;
			baseConfigurationReference = 4DB96FDB28B7143A0EC16652 /* Pods-Project.release.xcconfig */;
			buildSettings = {
				ASSETCATALOG_COMPILER_APPICON_NAME = AppIcon;
				DEVELOPMENT_TEAM = 6A7K9VGHXX;
				INFOPLIST_FILE = Project/Info.plist;
				LD_RUNPATH_SEARCH_PATHS = "$(inherited) @executable_path/Frameworks";
				PRODUCT_BUNDLE_IDENTIFIER = com.aau.Project;
				PRODUCT_NAME = "$(TARGET_NAME)";
				SWIFT_VERSION = 3.0;
			};
			name = Release;
		};
/* End XCBuildConfiguration section */

/* Begin XCConfigurationList section */
		FA26CEBE1E5A9F1C00982AB5 /* Build configuration list for PBXProject "Project" */ = {
			isa = XCConfigurationList;
			buildConfigurations = (
				FA26CED31E5A9F1C00982AB5 /* Debug */,
				FA26CED41E5A9F1C00982AB5 /* Release */,
			);
			defaultConfigurationIsVisible = 0;
			defaultConfigurationName = Release;
		};
		FA26CED51E5A9F1C00982AB5 /* Build configuration list for PBXNativeTarget "Project" */ = {
			isa = XCConfigurationList;
			buildConfigurations = (
				FA26CED61E5A9F1C00982AB5 /* Debug */,
				FA26CED71E5A9F1C00982AB5 /* Release */,
			);
			defaultConfigurationIsVisible = 0;
			defaultConfigurationName = Release;
		};
/* End XCConfigurationList section */
	};
	rootObject = FA26CEBB1E5A9F1C00982AB5 /* Project object */;
}
